
Microsoft Visual Studio Solution File, Format Version 12.00
# Visual Studio Version 16
VisualStudioVersion = 16.0.30907.101
MinimumVisualStudioVersion = 10.0.40219.1
Project("{9A19103F-16F7-4668-BE54-9A1E7A4F7556}") = "Kitabchi", "Kitabchi\Kitabchi.csproj", "{61997C54-8F7A-4435-A261-6BF10669BF4C}"
EndProject
Global
	GlobalSection(SolutionConfigurationPlatforms) = preSolution
		Debug|Any CPU = Debug|Any CPU
		Release|Any CPU = Release|Any CPU
	EndGlobalSection
	GlobalSection(ProjectConfigurationPlatforms) = postSolution
		{61997C54-8F7A-4435-A261-6BF10669BF4C}.Debug|Any CPU.ActiveCfg = Debug|Any CPU
		{61997C54-8F7A-4435-A261-6BF10669BF4C}.Debug|Any CPU.Build.0 = Debug|Any CPU
		{61997C54-8F7A-4435-A261-6BF10669BF4C}.Release|Any CPU.ActiveCfg = Release|Any CPU
		{61997C54-8F7A-4435-A261-6BF10669BF4C}.Release|Any CPU.Build.0 = Release|Any CPU
	EndGlobalSection
	GlobalSection(SolutionProperties) = preSolution
		HideSolutionNode = FALSE
	EndGlobalSection
	GlobalSection(ExtensibilityGlobals) = postSolution
		SolutionGuid = {51F77367-3B3C-43F1-8003-0AE64CD5B485}
	EndGlobalSection
EndGlobal
